// !$*UTF8*$!
{
	archiveVersion = 1;
	classes = {
	};
	objectVersion = 77;
	objects = {

/* Begin PBXBuildFile section */
		1AC34A493B7CFB4AE90D2A9A /* NanobotCaptureApp.swift in Sources */ = {isa = PBXBuildFile; fileRef = 4F585F5AE532D5449A17049D /* NanobotCaptureApp.swift */; };
		46A6137352D2E7638AC596D8 /* ShareViewController.swift in Sources */ = {isa = PBXBuildFile; fileRef = EB2D7ECBE95DFCEA79F1E9DB /* ShareViewController.swift */; };
		8E2FFAE681622FBC7252E032 /* AppState.swift in Sources */ = {isa = PBXBuildFile; fileRef = 84F98504255BCC72B0B7129C /* AppState.swift */; };
		9FB54441C2B8C283D16A0A86 /* SmokeTests.swift in Sources */ = {isa = PBXBuildFile; fileRef = DB199F95AE9DAD6F4C79DE01 /* SmokeTests.swift */; };
		B589570C6A7BB81C80E0B374 /* Assets.xcassets in Resources */ = {isa = PBXBuildFile; fileRef = C42D846F7742EC720B4FA2C7 /* Assets.xcassets */; };
		C9F2151A49871802E290CA8D /* ContentView.swift in Sources */ = {isa = PBXBuildFile; fileRef = F608EFEA601348DBBC75F7D1 /* ContentView.swift */; };
		ECEFC5F02E5F6C9F9E19A643 /* ShareView.swift in Sources */ = {isa = PBXBuildFile; fileRef = 5A386DE1DA0DD21048BB5A7B /* ShareView.swift */; };
/* End PBXBuildFile section */

/* Begin PBXContainerItemProxy section */
		D444CC104D57BCB11824A677 /* PBXContainerItemProxy */ = {
			isa = PBXContainerItemProxy;
			containerPortal = D7C1D29E4905DFF33F778DF6 /* Project object */;
			proxyType = 1;
			remoteGlobalIDString = A2EDFB0AEE1570CA80B32DC0;
			remoteInfo = NanobotCapture;
		};
/* End PBXContainerItemProxy section */

/* Begin PBXFileReference section */
		4F585F5AE532D5449A17049D /* NanobotCaptureApp.swift */ = {isa = PBXFileReference; lastKnownFileType = sourcecode.swift; path = NanobotCaptureApp.swift; sourceTree = "<group>"; };
		5A386DE1DA0DD21048BB5A7B /* ShareView.swift */ = {isa = PBXFileReference; lastKnownFileType = sourcecode.swift; path = ShareView.swift; sourceTree = "<group>"; };
		707241A9E003323F0E1A734D /* NanobotCaptureShareExtension.appex */ = {isa = PBXFileReference; explicitFileType = "wrapper.app-extension"; includeInIndex = 0; path = NanobotCaptureShareExtension.appex; sourceTree = BUILT_PRODUCTS_DIR; };
		80B7D73FBA2632CC7EF32115 /* NanobotCaptureTests.xctest */ = {isa = PBXFileReference; explicitFileType = wrapper.cfbundle; includeInIndex = 0; path = NanobotCaptureTests.xctest; sourceTree = BUILT_PRODUCTS_DIR; };
		84F98504255BCC72B0B7129C /* AppState.swift */ = {isa = PBXFileReference; lastKnownFileType = sourcecode.swift; path = AppState.swift; sourceTree = "<group>"; };
		85CF6F041A5A6B2914FB3E7A /* Info.plist */ = {isa = PBXFileReference; lastKnownFileType = text.plist; path = Info.plist; sourceTree = "<group>"; };
		AB952AF6114D19ADF5745DF4 /* Info.plist */ = {isa = PBXFileReference; lastKnownFileType = text.plist; path = Info.plist; sourceTree = "<group>"; };
		AF73A8988AE156DF66AEDE95 /* Info.plist */ = {isa = PBXFileReference; lastKnownFileType = text.plist; path = Info.plist; sourceTree = "<group>"; };
		C42D846F7742EC720B4FA2C7 /* Assets.xcassets */ = {isa = PBXFileReference; lastKnownFileType = folder.assetcatalog; path = Assets.xcassets; sourceTree = "<group>"; };
		DB199F95AE9DAD6F4C79DE01 /* SmokeTests.swift */ = {isa = PBXFileReference; lastKnownFileType = sourcecode.swift; path = SmokeTests.swift; sourceTree = "<group>"; };
		EB2D7ECBE95DFCEA79F1E9DB /* ShareViewController.swift */ = {isa = PBXFileReference; lastKnownFileType = sourcecode.swift; path = ShareViewController.swift; sourceTree = "<group>"; };
		F608EFEA601348DBBC75F7D1 /* ContentView.swift */ = {isa = PBXFileReference; lastKnownFileType = sourcecode.swift; path = ContentView.swift; sourceTree = "<group>"; };
		F718434B24FD6FD76ACA2B27 /* NanobotCapture.app */ = {isa = PBXFileReference; explicitFileType = wrapper.application; includeInIndex = 0; path = NanobotCapture.app; sourceTree = BUILT_PRODUCTS_DIR; };
/* End PBXFileReference section */

/* Begin PBXGroup section */
		13AA3E5FF157538A2AD36B15 /* App */ = {
			isa = PBXGroup;
			children = (
				84F98504255BCC72B0B7129C /* AppState.swift */,
				F608EFEA601348DBBC75F7D1 /* ContentView.swift */,
				4F585F5AE532D5449A17049D /* NanobotCaptureApp.swift */,
			);
			path = App;
			sourceTree = "<group>";
		};
		2BEBFA658128A5B48B0954A4 = {
			isa = PBXGroup;
			children = (
				955F8E75C1F6EAE51EE67638 /* NanobotCapture */,
				FB449C4D186E35E384278A67 /* NanobotCaptureShareExtension */,
				C0B8C4880730245CDD8AE041 /* NanobotCaptureTests */,
				D84D9E5776572C8F05917A8D /* Products */,
			);
			sourceTree = "<group>";
		};
		7CDFB0EF8D9723BE46D27AFA /* Resources */ = {
			isa = PBXGroup;
			children = (
				C42D846F7742EC720B4FA2C7 /* Assets.xcassets */,
			);
			path = Resources;
			sourceTree = "<group>";
		};
		955F8E75C1F6EAE51EE67638 /* NanobotCapture */ = {
			isa = PBXGroup;
			children = (
				AF73A8988AE156DF66AEDE95 /* Info.plist */,
				13AA3E5FF157538A2AD36B15 /* App */,
				7CDFB0EF8D9723BE46D27AFA /* Resources */,
			);
			path = NanobotCapture;
			sourceTree = "<group>";
		};
		C0B8C4880730245CDD8AE041 /* NanobotCaptureTests */ = {
			isa = PBXGroup;
			children = (
				AB952AF6114D19ADF5745DF4 /* Info.plist */,
				DB199F95AE9DAD6F4C79DE01 /* SmokeTests.swift */,
			);
			path = NanobotCaptureTests;
			sourceTree = "<group>";
		};
		D84D9E5776572C8F05917A8D /* Products */ = {
			isa = PBXGroup;
			children = (
				F718434B24FD6FD76ACA2B27 /* NanobotCapture.app */,
				707241A9E003323F0E1A734D /* NanobotCaptureShareExtension.appex */,
				80B7D73FBA2632CC7EF32115 /* NanobotCaptureTests.xctest */,
			);
			name = Products;
			sourceTree = "<group>";
		};
		FB449C4D186E35E384278A67 /* NanobotCaptureShareExtension */ = {
			isa = PBXGroup;
			children = (
				85CF6F041A5A6B2914FB3E7A /* Info.plist */,
				5A386DE1DA0DD21048BB5A7B /* ShareView.swift */,
				EB2D7ECBE95DFCEA79F1E9DB /* ShareViewController.swift */,
			);
			path = NanobotCaptureShareExtension;
			sourceTree = "<group>";
		};
/* End PBXGroup section */

/* Begin PBXNativeTarget section */
		58160B27D191875DE4DF3ED7 /* NanobotCaptureTests */ = {
			isa = PBXNativeTarget;
			buildConfigurationList = AA21012AEAE7C48970585900 /* Build configuration list for PBXNativeTarget "NanobotCaptureTests" */;
			buildPhases = (
				A1A946B58D3E8A9711E49204 /* Sources */,
			);
			buildRules = (
			);
			dependencies = (
				4B6F8C2134AA4395D04ADD89 /* PBXTargetDependency */,
			);
			name = NanobotCaptureTests;
			packageProductDependencies = (
			);
			productName = NanobotCaptureTests;
			productReference = 80B7D73FBA2632CC7EF32115 /* NanobotCaptureTests.xctest */;
			productType = "com.apple.product-type.bundle.unit-test";
		};
		A2EDFB0AEE1570CA80B32DC0 /* NanobotCapture */ = {
			isa = PBXNativeTarget;
			buildConfigurationList = 5C549F51616B38F66348CD63 /* Build configuration list for PBXNativeTarget "NanobotCapture" */;
			buildPhases = (
				EF882690D8180CBE2EB77CB1 /* Sources */,
				376F4A26617E19FFB32FEA43 /* Resources */,
			);
			buildRules = (
			);
			dependencies = (
			);
			name = NanobotCapture;
			packageProductDependencies = (
			);
			productName = NanobotCapture;
			productReference = F718434B24FD6FD76ACA2B27 /* NanobotCapture.app */;
			productType = "com.apple.product-type.application";
		};
		AEFD5B8D6D45BFA47F486567 /* NanobotCaptureShareExtension */ = {
			isa = PBXNativeTarget;
			buildConfigurationList = B787045A5E303CBD7B6D283B /* Build configuration list for PBXNativeTarget "NanobotCaptureShareExtension" */;
			buildPhases = (
				BB65F50D8F8C5DFBC3AA0AEA /* Sources */,
			);
			buildRules = (
			);
			dependencies = (
			);
			name = NanobotCaptureShareExtension;
			packageProductDependencies = (
			);
			productName = NanobotCaptureShareExtension;
			productReference = 707241A9E003323F0E1A734D /* NanobotCaptureShareExtension.appex */;
			productType = "com.apple.product-type.app-extension";
		};
/* End PBXNativeTarget section */

/* Begin PBXProject section */
		D7C1D29E4905DFF33F778DF6 /* Project object */ = {
			isa = PBXProject;
			attributes = {
				BuildIndependentTargetsInParallel = YES;
				LastUpgradeCheck = 1430;
				TargetAttributes = {
				};
			};
			buildConfigurationList = 79B5FF4C6FEF3B6B143D918B /* Build configuration list for PBXProject "NanobotCapture" */;
			developmentRegion = en;
			hasScannedForEncodings = 0;
			knownRegions = (
				Base,
				en,
			);
			mainGroup = 2BEBFA658128A5B48B0954A4;
			minimizedProjectReferenceProxies = 1;
			preferredProjectObjectVersion = 77;
			productRefGroup = D84D9E5776572C8F05917A8D /* Products */;
			projectDirPath = "";
			projectRoot = "";
			targets = (
				A2EDFB0AEE1570CA80B32DC0 /* NanobotCapture */,
				AEFD5B8D6D45BFA47F486567 /* NanobotCaptureShareExtension */,
				58160B27D191875DE4DF3ED7 /* NanobotCaptureTests */,
			);
		};
/* End PBXProject section */

/* Begin PBXResourcesBuildPhase section */
		376F4A26617E19FFB32FEA43 /* Resources */ = {
			isa = PBXResourcesBuildPhase;
			buildActionMask = 2147483647;
			files = (
				B589570C6A7BB81C80E0B374 /* Assets.xcassets in Resources */,
			);
			runOnlyForDeploymentPostprocessing = 0;
		};
/* End PBXResourcesBuildPhase section */

/* Begin PBXSourcesBuildPhase section */
		A1A946B58D3E8A9711E49204 /* Sources */ = {
			isa = PBXSourcesBuildPhase;
			buildActionMask = 2147483647;
			files = (
				9FB54441C2B8C283D16A0A86 /* SmokeTests.swift in Sources */,
			);
			runOnlyForDeploymentPostprocessing = 0;
		};
		BB65F50D8F8C5DFBC3AA0AEA /* Sources */ = {
			isa = PBXSourcesBuildPhase;
			buildActionMask = 2147483647;
			files = (
				ECEFC5F02E5F6C9F9E19A643 /* ShareView.swift in Sources */,
				46A6137352D2E7638AC596D8 /* ShareViewController.swift in Sources */,
			);
			runOnlyForDeploymentPostprocessing = 0;
		};
		EF882690D8180CBE2EB77CB1 /* Sources */ = {
			isa = PBXSourcesBuildPhase;
			buildActionMask = 2147483647;
			files = (
				8E2FFAE681622FBC7252E032 /* AppState.swift in Sources */,
				C9F2151A49871802E290CA8D /* ContentView.swift in Sources */,
				1AC34A493B7CFB4AE90D2A9A /* NanobotCaptureApp.swift in Sources */,
			);
			runOnlyForDeploymentPostprocessing = 0;
		};
/* End PBXSourcesBuildPhase section */

/* Begin PBXTargetDependency section */
		4B6F8C2134AA4395D04ADD89 /* PBXTargetDependency */ = {
			isa = PBXTargetDependency;
			target = A2EDFB0AEE1570CA80B32DC0 /* NanobotCapture */;
			targetProxy = D444CC104D57BCB11824A677 /* PBXContainerItemProxy */;
		};
/* End PBXTargetDependency section */

/* Begin XCBuildConfiguration section */
		220542507B25801E2D9B3AF3 /* Release */ = {
			isa = XCBuildConfiguration;
			buildSettings = {
				BUNDLE_LOADER = "$(TEST_HOST)";
				COMBINE_HIDPI_IMAGES = YES;
				INFOPLIST_FILE = NanobotCaptureTests/Info.plist;
				LD_RUNPATH_SEARCH_PATHS = (
					"$(inherited)",
					"@executable_path/../Frameworks",
					"@loader_path/../Frameworks",
				);
				PRODUCT_BUNDLE_IDENTIFIER = ai.nanobot.capture.tests;
				PRODUCT_NAME = NanobotCaptureTests;
				SDKROOT = macosx;
				TEST_HOST = "$(BUILT_PRODUCTS_DIR)/NanobotCapture.app/Contents/MacOS/NanobotCapture";
			};
			name = Release;
		};
		24C9E87DF1DAF3252907BA17 /* Debug */ = {
			isa = XCBuildConfiguration;
			buildSettings = {
				ASSETCATALOG_COMPILER_APPICON_NAME = AppIcon;
				COMBINE_HIDPI_IMAGES = YES;
				INFOPLIST_FILE = NanobotCapture/Info.plist;
				INFOPLIST_KEY_LSApplicationCategoryType = "public.app-category.productivity";
				LD_RUNPATH_SEARCH_PATHS = (
					"$(inherited)",
					"@executable_path/../Frameworks",
				);
				PRODUCT_BUNDLE_IDENTIFIER = ai.nanobot.capture;
				PRODUCT_NAME = NanobotCapture;
				SDKROOT = macosx;
			};
			name = Debug;
		};
		380D195396ED8DE6B8A82478 /* Debug */ = {
			isa = XCBuildConfiguration;
			buildSettings = {
				ALWAYS_SEARCH_USER_PATHS = NO;
				CLANG_ANALYZER_NONNULL = YES;
				CLANG_ANALYZER_NUMBER_OBJECT_CONVERSION = YES_AGGRESSIVE;
				CLANG_CXX_LANGUAGE_STANDARD = "gnu++14";
				CLANG_CXX_LIBRARY = "libc++";
				CLANG_ENABLE_MODULES = YES;
				CLANG_ENABLE_OBJC_ARC = YES;
				CLANG_ENABLE_OBJC_WEAK = YES;
				CLANG_WARN_BLOCK_CAPTURE_AUTORELEASING = YES;
				CLANG_WARN_BOOL_CONVERSION = YES;
				CLANG_WARN_COMMA = YES;
				CLANG_WARN_CONSTANT_CONVERSION = YES;
				CLANG_WARN_DEPRECATED_OBJC_IMPLEMENTATIONS = YES;
				CLANG_WARN_DIRECT_OBJC_ISA_USAGE = YES_ERROR;
				CLANG_WARN_DOCUMENTATION_COMMENTS = YES;
				CLANG_WARN_EMPTY_BODY = YES;
				CLANG_WARN_ENUM_CONVERSION = YES;
				CLANG_WARN_INFINITE_RECURSION = YES;
				CLANG_WARN_INT_CONVERSION = YES;
				CLANG_WARN_NON_LITERAL_NULL_CONVERSION = YES;
				CLANG_WARN_OBJC_IMPLICIT_RETAIN_SELF = YES;
				CLANG_WARN_OBJC_LITERAL_CONVERSION = YES;
				CLANG_WARN_OBJC_ROOT_CLASS = YES_ERROR;
				CLANG_WARN_QUOTED_INCLUDE_IN_FRAMEWORK_HEADER = YES;
				CLANG_WARN_RANGE_LOOP_ANALYSIS = YES;
				CLANG_WARN_STRICT_PROTOTYPES = YES;
				CLANG_WARN_SUSPICIOUS_MOVE = YES;
				CLANG_WARN_UNGUARDED_AVAILABILITY = YES_AGGRESSIVE;
				CLANG_WARN_UNREACHABLE_CODE = YES;
				CLANG_WARN__DUPLICATE_METHOD_MATCH = YES;
				COPY_PHASE_STRIP = NO;
				CURRENT_PROJECT_VERSION = 1;
				DEBUG_INFORMATION_FORMAT = dwarf;
				ENABLE_STRICT_OBJC_MSGSEND = YES;
				ENABLE_TESTABILITY = YES;
				GCC_C_LANGUAGE_STANDARD = gnu11;
				GCC_DYNAMIC_NO_PIC = NO;
				GCC_NO_COMMON_BLOCKS = YES;
				GCC_OPTIMIZATION_LEVEL = 0;
				GCC_PREPROCESSOR_DEFINITIONS = (
					"$(inherited)",
					"DEBUG=1",
				);
				GCC_WARN_64_TO_32_BIT_CONVERSION = YES;
				GCC_WARN_ABOUT_RETURN_TYPE = YES_ERROR;
				GCC_WARN_UNDECLARED_SELECTOR = YES;
				GCC_WARN_UNINITIALIZED_AUTOS = YES_AGGRESSIVE;
				GCC_WARN_UNUSED_FUNCTION = YES;
				GCC_WARN_UNUSED_VARIABLE = YES;
				MACOSX_DEPLOYMENT_TARGET = 14.0;
				MARKETING_VERSION = 0.1.0;
				MTL_ENABLE_DEBUG_INFO = INCLUDE_SOURCE;
				MTL_FAST_MATH = YES;
				ONLY_ACTIVE_ARCH = YES;
				PRODUCT_NAME = "$(TARGET_NAME)";
				SDKROOT = macosx;
				SWIFT_ACTIVE_COMPILATION_CONDITIONS = DEBUG;
				SWIFT_OPTIMIZATION_LEVEL = "-Onone";
				SWIFT_VERSION = 6.0;
			};
			name = Debug;
		};
		6C1DDC6B61829C98C5777946 /* Debug */ = {
			isa = XCBuildConfiguration;
			buildSettings = {
				COMBINE_HIDPI_IMAGES = YES;
				INFOPLIST_FILE = NanobotCaptureShareExtension/Info.plist;
				LD_RUNPATH_SEARCH_PATHS = (
					"$(inherited)",
					"@executable_path/../Frameworks",
					"@executable_path/../../../../Frameworks",
				);
				PRODUCT_BUNDLE_IDENTIFIER = ai.nanobot.capture.share;
				PRODUCT_NAME = NanobotCaptureShareExtension;
				SDKROOT = macosx;
			};
			name = Debug;
		};
		AD66AA0AF9654E0CC73FBE2B /* Release */ = {
			isa = XCBuildConfiguration;
			buildSettings = {
				COMBINE_HIDPI_IMAGES = YES;
				INFOPLIST_FILE = NanobotCaptureShareExtension/Info.plist;
				LD_RUNPATH_SEARCH_PATHS = (
					"$(inherited)",
					"@executable_path/../Frameworks",
					"@executable_path/../../../../Frameworks",
				);
				PRODUCT_BUNDLE_IDENTIFIER = ai.nanobot.capture.share;
				PRODUCT_NAME = NanobotCaptureShareExtension;
				SDKROOT = macosx;
			};
			name = Release;
		};
		AE67C1FBFB7D6EE7FBFD150A /* Debug */ = {
			isa = XCBuildConfiguration;
			buildSettings = {
				BUNDLE_LOADER = "$(TEST_HOST)";
				COMBINE_HIDPI_IMAGES = YES;
				INFOPLIST_FILE = NanobotCaptureTests/Info.plist;
				LD_RUNPATH_SEARCH_PATHS = (
					"$(inherited)",
					"@executable_path/../Frameworks",
					"@loader_path/../Frameworks",
				);
				PRODUCT_BUNDLE_IDENTIFIER = ai.nanobot.capture.tests;
				PRODUCT_NAME = NanobotCaptureTests;
				SDKROOT = macosx;
				TEST_HOST = "$(BUILT_PRODUCTS_DIR)/NanobotCapture.app/Contents/MacOS/NanobotCapture";
			};
			name = Debug;
		};
		BAC9124DBA6DF11556CB5111 /* Release */ = {
			isa = XCBuildConfiguration;
			buildSettings = {
				ASSETCATALOG_COMPILER_APPICON_NAME = AppIcon;
				COMBINE_HIDPI_IMAGES = YES;
				INFOPLIST_FILE = NanobotCapture/Info.plist;
				INFOPLIST_KEY_LSApplicationCategoryType = "public.app-category.productivity";
				LD_RUNPATH_SEARCH_PATHS = (
					"$(inherited)",
					"@executable_path/../Frameworks",
				);
				PRODUCT_BUNDLE_IDENTIFIER = ai.nanobot.capture;
				PRODUCT_NAME = NanobotCapture;
				SDKROOT = macosx;
			};
			name = Release;
		};
		CAEEDD7B383DAE0093E4C1E9 /* Release */ = {
			isa = XCBuildConfiguration;
			buildSettings = {
				ALWAYS_SEARCH_USER_PATHS = NO;
				CLANG_ANALYZER_NONNULL = YES;
				CLANG_ANALYZER_NUMBER_OBJECT_CONVERSION = YES_AGGRESSIVE;
				CLANG_CXX_LANGUAGE_STANDARD = "gnu++14";
				CLANG_CXX_LIBRARY = "libc++";
				CLANG_ENABLE_MODULES = YES;
				CLANG_ENABLE_OBJC_ARC = YES;
				CLANG_ENABLE_OBJC_WEAK = YES;
				CLANG_WARN_BLOCK_CAPTURE_AUTORELEASING = YES;
				CLANG_WARN_BOOL_CONVERSION = YES;
				CLANG_WARN_COMMA = YES;
				CLANG_WARN_CONSTANT_CONVERSION = YES;
				CLANG_WARN_DEPRECATED_OBJC_IMPLEMENTATIONS = YES;
				CLANG_WARN_DIRECT_OBJC_ISA_USAGE = YES_ERROR;
				CLANG_WARN_DOCUMENTATION_COMMENTS = YES;
				CLANG_WARN_EMPTY_BODY = YES;
				CLANG_WARN_ENUM_CONVERSION = YES;
				CLANG_WARN_INFINITE_RECURSION = YES;
				CLANG_WARN_INT_CONVERSION = YES;
				CLANG_WARN_NON_LITERAL_NULL_CONVERSION = YES;
				CLANG_WARN_OBJC_IMPLICIT_RETAIN_SELF = YES;
				CLANG_WARN_OBJC_LITERAL_CONVERSION = YES;
				CLANG_WARN_OBJC_ROOT_CLASS = YES_ERROR;
				CLANG_WARN_QUOTED_INCLUDE_IN_FRAMEWORK_HEADER = YES;
				CLANG_WARN_RANGE_LOOP_ANALYSIS = YES;
				CLANG_WARN_STRICT_PROTOTYPES = YES;
				CLANG_WARN_SUSPICIOUS_MOVE = YES;
				CLANG_WARN_UNGUARDED_AVAILABILITY = YES_AGGRESSIVE;
				CLANG_WARN_UNREACHABLE_CODE = YES;
				CLANG_WARN__DUPLICATE_METHOD_MATCH = YES;
				COPY_PHASE_STRIP = NO;
				CURRENT_PROJECT_VERSION = 1;
				DEBUG_INFORMATION_FORMAT = "dwarf-with-dsym";
				ENABLE_NS_ASSERTIONS = NO;
				ENABLE_STRICT_OBJC_MSGSEND = YES;
				GCC_C_LANGUAGE_STANDARD = gnu11;
				GCC_NO_COMMON_BLOCKS = YES;
				GCC_WARN_64_TO_32_BIT_CONVERSION = YES;
				GCC_WARN_ABOUT_RETURN_TYPE = YES_ERROR;
				GCC_WARN_UNDECLARED_SELECTOR = YES;
				GCC_WARN_UNINITIALIZED_AUTOS = YES_AGGRESSIVE;
				GCC_WARN_UNUSED_FUNCTION = YES;
				GCC_WARN_UNUSED_VARIABLE = YES;
				MACOSX_DEPLOYMENT_TARGET = 14.0;
				MARKETING_VERSION = 0.1.0;
				MTL_ENABLE_DEBUG_INFO = NO;
				MTL_FAST_MATH = YES;
				PRODUCT_NAME = "$(TARGET_NAME)";
				SDKROOT = macosx;
				SWIFT_COMPILATION_MODE = wholemodule;
				SWIFT_OPTIMIZATION_LEVEL = "-O";
				SWIFT_VERSION = 6.0;
			};
			name = Release;
		};
/* End XCBuildConfiguration section */

/* Begin XCConfigurationList section */
		5C549F51616B38F66348CD63 /* Build configuration list for PBXNativeTarget "NanobotCapture" */ = {
			isa = XCConfigurationList;
			buildConfigurations = (
				24C9E87DF1DAF3252907BA17 /* Debug */,
				BAC9124DBA6DF11556CB5111 /* Release */,
			);
			defaultConfigurationIsVisible = 0;
			defaultConfigurationName = Debug;
		};
		79B5FF4C6FEF3B6B143D918B /* Build configuration list for PBXProject "NanobotCapture" */ = {
			isa = XCConfigurationList;
			buildConfigurations = (
				380D195396ED8DE6B8A82478 /* Debug */,
				CAEEDD7B383DAE0093E4C1E9 /* Release */,
			);
			defaultConfigurationIsVisible = 0;
			defaultConfigurationName = Debug;
		};
		AA21012AEAE7C48970585900 /* Build configuration list for PBXNativeTarget "NanobotCaptureTests" */ = {
			isa = XCConfigurationList;
			buildConfigurations = (
				AE67C1FBFB7D6EE7FBFD150A /* Debug */,
				220542507B25801E2D9B3AF3 /* Release */,
			);
			defaultConfigurationIsVisible = 0;
			defaultConfigurationName = Debug;
		};
		B787045A5E303CBD7B6D283B /* Build configuration list for PBXNativeTarget "NanobotCaptureShareExtension" */ = {
			isa = XCConfigurationList;
			buildConfigurations = (
				6C1DDC6B61829C98C5777946 /* Debug */,
				AD66AA0AF9654E0CC73FBE2B /* Release */,
			);
			defaultConfigurationIsVisible = 0;
			defaultConfigurationName = Debug;
		};
/* End XCConfigurationList section */
	};
	rootObject = D7C1D29E4905DFF33F778DF6 /* Project object */;
}
